
Microsoft Visual Studio Solution File, Format Version 12.00
# Visual Studio 15
VisualStudioVersion = 15.0.26124.0
MinimumVisualStudioVersion = 15.0.26124.0
Project("{2150E333-8FDC-42A3-9474-1A3956D46DE8}") = "src", "src", "{AD62B770-EE35-418C-BD76-00AB5CD8EDF9}"
EndProject
Project("{FAE04EC0-301F-11D3-BF4B-00C04F79EFBC}") = "Battlelog.Net", "src\Battlelog.Net\Battlelog.Net.csproj", "{4A53C94E-EB49-4A3C-8C83-73A0EBCD0E54}"
EndProject
Project("{FAE04EC0-301F-11D3-BF4B-00C04F79EFBC}") = "Battlelog.Net.BfH", "src\Battlelog.Net.BfH\Battlelog.Net.BfH.csproj", "{E46795AD-1DA1-477B-B678-817B941DB12E}"
EndProject
Project("{FAE04EC0-301F-11D3-BF4B-00C04F79EFBC}") = "Battlelog.Net.Bf4", "src\Battlelog.Net.Bf4\Battlelog.Net.Bf4.csproj", "{6A9C329A-442B-49CA-B27C-BA2185699A26}"
EndProject
Project("{FAE04EC0-301F-11D3-BF4B-00C04F79EFBC}") = "Battlelog.Net.Bf3", "src\Battlelog.Net.Bf3\Battlelog.Net.Bf3.csproj", "{13A45F2A-CBC0-456C-B3ED-9474565E8FB5}"
EndProject
Project("{2150E333-8FDC-42A3-9474-1A3956D46DE8}") = "tests", "tests", "{5711F3E4-1B0B-4B7C-A87A-98D231B65064}"
EndProject
Project("{FAE04EC0-301F-11D3-BF4B-00C04F79EFBC}") = "Battlelog.Net.Bf3.Tests", "tests\Battlelog.Net.Bf3.Tests\Battlelog.Net.Bf3.Tests.csproj", "{83767EDF-87D2-420C-8434-6D45695ADF05}"
EndProject
Global
	GlobalSection(SolutionConfigurationPlatforms) = preSolution
		Debug|Any CPU = Debug|Any CPU
		Debug|x64 = Debug|x64
		Debug|x86 = Debug|x86
		Release|Any CPU = Release|Any CPU
		Release|x64 = Release|x64
		Release|x86 = Release|x86
	EndGlobalSection
	GlobalSection(SolutionProperties) = preSolution
		HideSolutionNode = FALSE
	EndGlobalSection
	GlobalSection(ProjectConfigurationPlatforms) = postSolution
		{4A53C94E-EB49-4A3C-8C83-73A0EBCD0E54}.Debug|Any CPU.ActiveCfg = Debug|Any CPU
		{4A53C94E-EB49-4A3C-8C83-73A0EBCD0E54}.Debug|Any CPU.Build.0 = Debug|Any CPU
		{4A53C94E-EB49-4A3C-8C83-73A0EBCD0E54}.Debug|x64.ActiveCfg = Debug|x64
		{4A53C94E-EB49-4A3C-8C83-73A0EBCD0E54}.Debug|x64.Build.0 = Debug|x64
		{4A53C94E-EB49-4A3C-8C83-73A0EBCD0E54}.Debug|x86.ActiveCfg = Debug|x86
		{4A53C94E-EB49-4A3C-8C83-73A0EBCD0E54}.Debug|x86.Build.0 = Debug|x86
		{4A53C94E-EB49-4A3C-8C83-73A0EBCD0E54}.Release|Any CPU.ActiveCfg = Release|Any CPU
		{4A53C94E-EB49-4A3C-8C83-73A0EBCD0E54}.Release|Any CPU.Build.0 = Release|Any CPU
		{4A53C94E-EB49-4A3C-8C83-73A0EBCD0E54}.Release|x64.ActiveCfg = Release|x64
		{4A53C94E-EB49-4A3C-8C83-73A0EBCD0E54}.Release|x64.Build.0 = Release|x64
		{4A53C94E-EB49-4A3C-8C83-73A0EBCD0E54}.Release|x86.ActiveCfg = Release|x86
		{4A53C94E-EB49-4A3C-8C83-73A0EBCD0E54}.Release|x86.Build.0 = Release|x86
		{E46795AD-1DA1-477B-B678-817B941DB12E}.Debug|Any CPU.ActiveCfg = Debug|Any CPU
		{E46795AD-1DA1-477B-B678-817B941DB12E}.Debug|Any CPU.Build.0 = Debug|Any CPU
		{E46795AD-1DA1-477B-B678-817B941DB12E}.Debug|x64.ActiveCfg = Debug|x64
		{E46795AD-1DA1-477B-B678-817B941DB12E}.Debug|x64.Build.0 = Debug|x64
		{E46795AD-1DA1-477B-B678-817B941DB12E}.Debug|x86.ActiveCfg = Debug|x86
		{E46795AD-1DA1-477B-B678-817B941DB12E}.Debug|x86.Build.0 = Debug|x86
		{E46795AD-1DA1-477B-B678-817B941DB12E}.Release|Any CPU.ActiveCfg = Release|Any CPU
		{E46795AD-1DA1-477B-B678-817B941DB12E}.Release|Any CPU.Build.0 = Release|Any CPU
		{E46795AD-1DA1-477B-B678-817B941DB12E}.Release|x64.ActiveCfg = Release|x64
		{E46795AD-1DA1-477B-B678-817B941DB12E}.Release|x64.Build.0 = Release|x64
		{E46795AD-1DA1-477B-B678-817B941DB12E}.Release|x86.ActiveCfg = Release|x86
		{E46795AD-1DA1-477B-B678-817B941DB12E}.Release|x86.Build.0 = Release|x86
		{6A9C329A-442B-49CA-B27C-BA2185699A26}.Debug|Any CPU.ActiveCfg = Debug|Any CPU
		{6A9C329A-442B-49CA-B27C-BA2185699A26}.Debug|Any CPU.Build.0 = Debug|Any CPU
		{6A9C329A-442B-49CA-B27C-BA2185699A26}.Debug|x64.ActiveCfg = Debug|x64
		{6A9C329A-442B-49CA-B27C-BA2185699A26}.Debug|x64.Build.0 = Debug|x64
		{6A9C329A-442B-49CA-B27C-BA2185699A26}.Debug|x86.ActiveCfg = Debug|x86
		{6A9C329A-442B-49CA-B27C-BA2185699A26}.Debug|x86.Build.0 = Debug|x86
		{6A9C329A-442B-49CA-B27C-BA2185699A26}.Release|Any CPU.ActiveCfg = Release|Any CPU
		{6A9C329A-442B-49CA-B27C-BA2185699A26}.Release|Any CPU.Build.0 = Release|Any CPU
		{6A9C329A-442B-49CA-B27C-BA2185699A26}.Release|x64.ActiveCfg = Release|x64
		{6A9C329A-442B-49CA-B27C-BA2185699A26}.Release|x64.Build.0 = Release|x64
		{6A9C329A-442B-49CA-B27C-BA2185699A26}.Release|x86.ActiveCfg = Release|x86
		{6A9C329A-442B-49CA-B27C-BA2185699A26}.Release|x86.Build.0 = Release|x86
		{13A45F2A-CBC0-456C-B3ED-9474565E8FB5}.Debug|Any CPU.ActiveCfg = Debug|Any CPU
		{13A45F2A-CBC0-456C-B3ED-9474565E8FB5}.Debug|Any CPU.Build.0 = Debug|Any CPU
		{13A45F2A-CBC0-456C-B3ED-9474565E8FB5}.Debug|x64.ActiveCfg = Debug|x64
		{13A45F2A-CBC0-456C-B3ED-9474565E8FB5}.Debug|x64.Build.0 = Debug|x64
		{13A45F2A-CBC0-456C-B3ED-9474565E8FB5}.Debug|x86.ActiveCfg = Debug|x86
		{13A45F2A-CBC0-456C-B3ED-9474565E8FB5}.Debug|x86.Build.0 = Debug|x86
		{13A45F2A-CBC0-456C-B3ED-9474565E8FB5}.Release|Any CPU.ActiveCfg = Release|Any CPU
		{13A45F2A-CBC0-456C-B3ED-9474565E8FB5}.Release|Any CPU.Build.0 = Release|Any CPU
		{13A45F2A-CBC0-456C-B3ED-9474565E8FB5}.Release|x64.ActiveCfg = Release|x64
		{13A45F2A-CBC0-456C-B3ED-9474565E8FB5}.Release|x64.Build.0 = Release|x64
		{13A45F2A-CBC0-456C-B3ED-9474565E8FB5}.Release|x86.ActiveCfg = Release|x86
		{13A45F2A-CBC0-456C-B3ED-9474565E8FB5}.Release|x86.Build.0 = Release|x86
		{83767EDF-87D2-420C-8434-6D45695ADF05}.Debug|Any CPU.ActiveCfg = Debug|Any CPU
		{83767EDF-87D2-420C-8434-6D45695ADF05}.Debug|Any CPU.Build.0 = Debug|Any CPU
		{83767EDF-87D2-420C-8434-6D45695ADF05}.Debug|x64.ActiveCfg = Debug|Any CPU
		{83767EDF-87D2-420C-8434-6D45695ADF05}.Debug|x64.Build.0 = Debug|Any CPU
		{83767EDF-87D2-420C-8434-6D45695ADF05}.Debug|x86.ActiveCfg = Debug|Any CPU
		{83767EDF-87D2-420C-8434-6D45695ADF05}.Debug|x86.Build.0 = Debug|Any CPU
		{83767EDF-87D2-420C-8434-6D45695ADF05}.Release|Any CPU.ActiveCfg = Release|Any CPU
		{83767EDF-87D2-420C-8434-6D45695ADF05}.Release|Any CPU.Build.0 = Release|Any CPU
		{83767EDF-87D2-420C-8434-6D45695ADF05}.Release|x64.ActiveCfg = Release|Any CPU
		{83767EDF-87D2-420C-8434-6D45695ADF05}.Release|x64.Build.0 = Release|Any CPU
		{83767EDF-87D2-420C-8434-6D45695ADF05}.Release|x86.ActiveCfg = Release|Any CPU
		{83767EDF-87D2-420C-8434-6D45695ADF05}.Release|x86.Build.0 = Release|Any CPU
	EndGlobalSection
	GlobalSection(NestedProjects) = preSolution
		{4A53C94E-EB49-4A3C-8C83-73A0EBCD0E54} = {AD62B770-EE35-418C-BD76-00AB5CD8EDF9}
		{E46795AD-1DA1-477B-B678-817B941DB12E} = {AD62B770-EE35-418C-BD76-00AB5CD8EDF9}
		{6A9C329A-442B-49CA-B27C-BA2185699A26} = {AD62B770-EE35-418C-BD76-00AB5CD8EDF9}
		{13A45F2A-CBC0-456C-B3ED-9474565E8FB5} = {AD62B770-EE35-418C-BD76-00AB5CD8EDF9}
		{83767EDF-87D2-420C-8434-6D45695ADF05} = {5711F3E4-1B0B-4B7C-A87A-98D231B65064}
	EndGlobalSection
EndGlobal
